
Microsoft Visual Studio Solution File, Format Version 12.00
# Visual Studio Version 17
VisualStudioVersion = 17.1.32228.430
MinimumVisualStudioVersion = 10.0.40219.1
Project("{8BC9CEB8-8B4A-11D0-8D11-00A0C91BC942}") = "Enum", "Enum\Enum.vcxproj", "{E26691D1-8BD5-4BD7-8F25-ACE11F30BBDB}"
EndProject
Global
	GlobalSection(SolutionConfigurationPlatforms) = preSolution
		Debug|x64 = Debug|x64
		Debug|x86 = Debug|x86
		Release|x64 = Release|x64
		Release|x86 = Release|x86
	EndGlobalSection
	GlobalSection(ProjectConfigurationPlatforms) = postSolution
		{E26691D1-8BD5-4BD7-8F25-ACE11F30BBDB}.Debug|x64.ActiveCfg = Debug|x64
		{E26691D1-8BD5-4BD7-8F25-ACE11F30BBDB}.Debug|x64.Build.0 = Debug|x64
		{E26691D1-8BD5-4BD7-8F25-ACE11F30BBDB}.Debug|x86.ActiveCfg = Debug|Win32
		{E26691D1-8BD5-4BD7-8F25-ACE11F30BBDB}.Debug|x86.Build.0 = Debug|Win32
		{E26691D1-8BD5-4BD7-8F25-ACE11F30BBDB}.Release|x64.ActiveCfg = Release|x64
		{E26691D1-8BD5-4BD7-8F25-ACE11F30BBDB}.Release|x64.Build.0 = Release|x64
		{E26691D1-8BD5-4BD7-8F25-ACE11F30BBDB}.Release|x86.ActiveCfg = Release|Win32
		{E26691D1-8BD5-4BD7-8F25-ACE11F30BBDB}.Release|x86.Build.0 = Release|Win32
	EndGlobalSection
	GlobalSection(SolutionProperties) = preSolution
		HideSolutionNode = FALSE
	EndGlobalSection
	GlobalSection(ExtensibilityGlobals) = postSolution
		SolutionGuid = {DF547E19-5A1F-435C-AAB2-723ED2059458}
	EndGlobalSection
EndGlobal
