
Microsoft Visual Studio Solution File, Format Version 12.00
# Visual Studio Version 17
VisualStudioVersion = 17.2.32516.85
MinimumVisualStudioVersion = 10.0.40219.1
Project("{8BC9CEB8-8B4A-11D0-8D11-00A0C91BC942}") = "ArsenalPassByReference", "ArsenalPassByReference\ArsenalPassByReference.vcxproj", "{BC2DBCA6-D896-4776-B09A-7D19470E5AE4}"
EndProject
Global
	GlobalSection(SolutionConfigurationPlatforms) = preSolution
		Debug|x64 = Debug|x64
		Debug|x86 = Debug|x86
		Release|x64 = Release|x64
		Release|x86 = Release|x86
	EndGlobalSection
	GlobalSection(ProjectConfigurationPlatforms) = postSolution
		{BC2DBCA6-D896-4776-B09A-7D19470E5AE4}.Debug|x64.ActiveCfg = Debug|x64
		{BC2DBCA6-D896-4776-B09A-7D19470E5AE4}.Debug|x64.Build.0 = Debug|x64
		{BC2DBCA6-D896-4776-B09A-7D19470E5AE4}.Debug|x86.ActiveCfg = Debug|Win32
		{BC2DBCA6-D896-4776-B09A-7D19470E5AE4}.Debug|x86.Build.0 = Debug|Win32
		{BC2DBCA6-D896-4776-B09A-7D19470E5AE4}.Release|x64.ActiveCfg = Release|x64
		{BC2DBCA6-D896-4776-B09A-7D19470E5AE4}.Release|x64.Build.0 = Release|x64
		{BC2DBCA6-D896-4776-B09A-7D19470E5AE4}.Release|x86.ActiveCfg = Release|Win32
		{BC2DBCA6-D896-4776-B09A-7D19470E5AE4}.Release|x86.Build.0 = Release|Win32
	EndGlobalSection
	GlobalSection(SolutionProperties) = preSolution
		HideSolutionNode = FALSE
	EndGlobalSection
	GlobalSection(ExtensibilityGlobals) = postSolution
		SolutionGuid = {28ED2BFB-6D48-4408-9D64-BE20DDC85CAA}
	EndGlobalSection
EndGlobal
