
Microsoft Visual Studio Solution File, Format Version 12.00
# Visual Studio Version 17
VisualStudioVersion = 17.2.32516.85
MinimumVisualStudioVersion = 10.0.40219.1
Project("{8BC9CEB8-8B4A-11D0-8D11-00A0C91BC942}") = "ArsenalEnumerations", "ArsenalEnumerations\ArsenalEnumerations.vcxproj", "{5028363F-0931-4AFF-AA09-873391B2B383}"
EndProject
Global
	GlobalSection(SolutionConfigurationPlatforms) = preSolution
		Debug|x64 = Debug|x64
		Debug|x86 = Debug|x86
		Release|x64 = Release|x64
		Release|x86 = Release|x86
	EndGlobalSection
	GlobalSection(ProjectConfigurationPlatforms) = postSolution
		{5028363F-0931-4AFF-AA09-873391B2B383}.Debug|x64.ActiveCfg = Debug|x64
		{5028363F-0931-4AFF-AA09-873391B2B383}.Debug|x64.Build.0 = Debug|x64
		{5028363F-0931-4AFF-AA09-873391B2B383}.Debug|x86.ActiveCfg = Debug|Win32
		{5028363F-0931-4AFF-AA09-873391B2B383}.Debug|x86.Build.0 = Debug|Win32
		{5028363F-0931-4AFF-AA09-873391B2B383}.Release|x64.ActiveCfg = Release|x64
		{5028363F-0931-4AFF-AA09-873391B2B383}.Release|x64.Build.0 = Release|x64
		{5028363F-0931-4AFF-AA09-873391B2B383}.Release|x86.ActiveCfg = Release|Win32
		{5028363F-0931-4AFF-AA09-873391B2B383}.Release|x86.Build.0 = Release|Win32
	EndGlobalSection
	GlobalSection(SolutionProperties) = preSolution
		HideSolutionNode = FALSE
	EndGlobalSection
	GlobalSection(ExtensibilityGlobals) = postSolution
		SolutionGuid = {6178601F-923C-4019-A5AB-BF876F065F21}
	EndGlobalSection
EndGlobal
